
Microsoft Visual Studio Solution File, Format Version 12.00
# Visual Studio Version 16
VisualStudioVersion = 16.0.31613.86
MinimumVisualStudioVersion = 10.0.40219.1
Project("{9A19103F-16F7-4668-BE54-9A1E7A4F7556}") = "PortfolioLaunchPage", "PortfolioLaunchPage\PortfolioLaunchPage.csproj", "{88F7A14D-F583-4D51-BB98-FA0DED289DF4}"
EndProject
Project("{9A19103F-16F7-4668-BE54-9A1E7A4F7556}") = "ToDoListClassLibrary", "ToDoListClassLibrary\ToDoListClassLibrary.csproj", "{09E29611-100C-4D90-802B-AE668CD45525}"
EndProject
Global
	GlobalSection(SolutionConfigurationPlatforms) = preSolution
		Debug|Any CPU = Debug|Any CPU
		Release|Any CPU = Release|Any CPU
	EndGlobalSection
	GlobalSection(ProjectConfigurationPlatforms) = postSolution
		{88F7A14D-F583-4D51-BB98-FA0DED289DF4}.Debug|Any CPU.ActiveCfg = Debug|Any CPU
		{88F7A14D-F583-4D51-BB98-FA0DED289DF4}.Debug|Any CPU.Build.0 = Debug|Any CPU
		{88F7A14D-F583-4D51-BB98-FA0DED289DF4}.Release|Any CPU.ActiveCfg = Release|Any CPU
		{88F7A14D-F583-4D51-BB98-FA0DED289DF4}.Release|Any CPU.Build.0 = Release|Any CPU
		{09E29611-100C-4D90-802B-AE668CD45525}.Debug|Any CPU.ActiveCfg = Debug|Any CPU
		{09E29611-100C-4D90-802B-AE668CD45525}.Debug|Any CPU.Build.0 = Debug|Any CPU
		{09E29611-100C-4D90-802B-AE668CD45525}.Release|Any CPU.ActiveCfg = Release|Any CPU
		{09E29611-100C-4D90-802B-AE668CD45525}.Release|Any CPU.Build.0 = Release|Any CPU
	EndGlobalSection
	GlobalSection(SolutionProperties) = preSolution
		HideSolutionNode = FALSE
	EndGlobalSection
	GlobalSection(ExtensibilityGlobals) = postSolution
		SolutionGuid = {030C1BEA-2457-4907-86BE-FCFA4F5002EC}
	EndGlobalSection
EndGlobal
